
Microsoft Visual Studio Solution File, Format Version 12.00
# Visual Studio 14
VisualStudioVersion = 14.0.23107.0
MinimumVisualStudioVersion = 10.0.40219.1
Project("{2150E333-8FDC-42A3-9474-1A3956D46DE8}") = "src", "src", "{4485F830-97A3-4594-9CBD-C048F49C915F}"
EndProject
Project("{2150E333-8FDC-42A3-9474-1A3956D46DE8}") = "Solution Items", "Solution Items", "{153E6FDF-59EE-42ED-988D-EB61D5E34FCC}"
	ProjectSection(SolutionItems) = preProject
		global.json = global.json
	EndProjectSection
EndProject
Project("{8BB2217D-0F2D-49D1-97BC-3654ED321F3B}") = "BusinessLayer", "src\BusinessLayer\BusinessLayer.xproj", "{DB6B25D5-9BA8-4F20-ABE2-1CA4A926AC12}"
EndProject
Project("{8BB2217D-0F2D-49D1-97BC-3654ED321F3B}") = "Web", "src\ClassLibrary1\Web.xproj", "{8AFD8682-99EA-4C35-9766-1F9193B98637}"
EndProject
Global
	GlobalSection(SolutionConfigurationPlatforms) = preSolution
		Debug|Any CPU = Debug|Any CPU
		Release|Any CPU = Release|Any CPU
	EndGlobalSection
	GlobalSection(ProjectConfigurationPlatforms) = postSolution
		{DB6B25D5-9BA8-4F20-ABE2-1CA4A926AC12}.Debug|Any CPU.ActiveCfg = Debug|Any CPU
		{DB6B25D5-9BA8-4F20-ABE2-1CA4A926AC12}.Debug|Any CPU.Build.0 = Debug|Any CPU
		{DB6B25D5-9BA8-4F20-ABE2-1CA4A926AC12}.Release|Any CPU.ActiveCfg = Release|Any CPU
		{DB6B25D5-9BA8-4F20-ABE2-1CA4A926AC12}.Release|Any CPU.Build.0 = Release|Any CPU
		{8AFD8682-99EA-4C35-9766-1F9193B98637}.Debug|Any CPU.ActiveCfg = Debug|Any CPU
		{8AFD8682-99EA-4C35-9766-1F9193B98637}.Debug|Any CPU.Build.0 = Debug|Any CPU
		{8AFD8682-99EA-4C35-9766-1F9193B98637}.Release|Any CPU.ActiveCfg = Release|Any CPU
		{8AFD8682-99EA-4C35-9766-1F9193B98637}.Release|Any CPU.Build.0 = Release|Any CPU
	EndGlobalSection
	GlobalSection(SolutionProperties) = preSolution
		HideSolutionNode = FALSE
	EndGlobalSection
	GlobalSection(NestedProjects) = preSolution
		{DB6B25D5-9BA8-4F20-ABE2-1CA4A926AC12} = {4485F830-97A3-4594-9CBD-C048F49C915F}
		{8AFD8682-99EA-4C35-9766-1F9193B98637} = {4485F830-97A3-4594-9CBD-C048F49C915F}
	EndGlobalSection
EndGlobal
